// !$*UTF8*$!
{
	archiveVersion = 1;
	classes = {
	};
	objectVersion = 50;
	objects = {

/* Begin PBXBuildFile section */
		43160D81255B9BB30038804F /* FormationTableView.swift in Sources */ = {isa = PBXBuildFile; fileRef = 43160D80255B9BB30038804F /* FormationTableView.swift */; };
		43160D85255B9C860038804F /* BoardDetailView.swift in Sources */ = {isa = PBXBuildFile; fileRef = 43160D84255B9C860038804F /* BoardDetailView.swift */; };
		4324B4672550976800B3060E /* FormationSnapshotCell.swift in Sources */ = {isa = PBXBuildFile; fileRef = 4324B4652550976800B3060E /* FormationSnapshotCell.swift */; };
		4324B4682550976800B3060E /* FormationSnapshotCell.xib in Resources */ = {isa = PBXBuildFile; fileRef = 4324B4662550976800B3060E /* FormationSnapshotCell.xib */; };
		4324B4DC255358A200B3060E /* FormationsData.xcdatamodeld in Sources */ = {isa = PBXBuildFile; fileRef = 4324B4D9255358A200B3060E /* FormationsData.xcdatamodeld */; };
		4324B4FB2553B51900B3060E /* CoreDataUtil.swift in Sources */ = {isa = PBXBuildFile; fileRef = 4324B4FA2553B51900B3060E /* CoreDataUtil.swift */; };
		4324B528255799F700B3060E /* Formation+CoreDataClass.swift in Sources */ = {isa = PBXBuildFile; fileRef = 4324B524255799F700B3060E /* Formation+CoreDataClass.swift */; };
		4324B529255799F700B3060E /* Formation+CoreDataProperties.swift in Sources */ = {isa = PBXBuildFile; fileRef = 4324B525255799F700B3060E /* Formation+CoreDataProperties.swift */; };
		4324B52A255799F700B3060E /* Dancer+CoreDataClass.swift in Sources */ = {isa = PBXBuildFile; fileRef = 4324B526255799F700B3060E /* Dancer+CoreDataClass.swift */; };
		4324B52B255799F700B3060E /* Dancer+CoreDataProperties.swift in Sources */ = {isa = PBXBuildFile; fileRef = 4324B527255799F700B3060E /* Dancer+CoreDataProperties.swift */; };
		43A0A9D925505F5300394193 /* AppDelegate.swift in Sources */ = {isa = PBXBuildFile; fileRef = 43A0A9D825505F5300394193 /* AppDelegate.swift */; };
		43A0A9DB25505F5300394193 /* SceneDelegate.swift in Sources */ = {isa = PBXBuildFile; fileRef = 43A0A9DA25505F5300394193 /* SceneDelegate.swift */; };
		43A0A9DD25505F5400394193 /* GameViewController.swift in Sources */ = {isa = PBXBuildFile; fileRef = 43A0A9DC25505F5300394193 /* GameViewController.swift */; };
		43A0A9E025505F5400394193 /* Main.storyboard in Resources */ = {isa = PBXBuildFile; fileRef = 43A0A9DE25505F5400394193 /* Main.storyboard */; };
		43A0A9E525505F5800394193 /* Assets.xcassets in Resources */ = {isa = PBXBuildFile; fileRef = 43A0A9E425505F5800394193 /* Assets.xcassets */; };
		43A0A9E825505F5800394193 /* LaunchScreen.storyboard in Resources */ = {isa = PBXBuildFile; fileRef = 43A0A9E625505F5800394193 /* LaunchScreen.storyboard */; };
		43A0A9FC2550600200394193 /* DancerViewModel.swift in Sources */ = {isa = PBXBuildFile; fileRef = 43A0A9FB2550600200394193 /* DancerViewModel.swift */; };
		43A0AA052550601300394193 /* FormationViewModel.swift in Sources */ = {isa = PBXBuildFile; fileRef = 43A0AA042550601300394193 /* FormationViewModel.swift */; };
		43A0AA0D255061AB00394193 /* GameScene.swift in Sources */ = {isa = PBXBuildFile; fileRef = 43A0AA0C255061AB00394193 /* GameScene.swift */; };
/* End PBXBuildFile section */

/* Begin PBXFileReference section */
		43160D80255B9BB30038804F /* FormationTableView.swift */ = {isa = PBXFileReference; lastKnownFileType = sourcecode.swift; path = FormationTableView.swift; sourceTree = "<group>"; };
		43160D84255B9C860038804F /* BoardDetailView.swift */ = {isa = PBXFileReference; lastKnownFileType = sourcecode.swift; path = BoardDetailView.swift; sourceTree = "<group>"; };
		4324B4652550976800B3060E /* FormationSnapshotCell.swift */ = {isa = PBXFileReference; lastKnownFileType = sourcecode.swift; path = FormationSnapshotCell.swift; sourceTree = "<group>"; };
		4324B4662550976800B3060E /* FormationSnapshotCell.xib */ = {isa = PBXFileReference; lastKnownFileType = file.xib; path = FormationSnapshotCell.xib; sourceTree = "<group>"; };
		4324B4DA255358A200B3060E /* DanceFormationsBoard.xcdatamodel */ = {isa = PBXFileReference; lastKnownFileType = wrapper.xcdatamodel; path = DanceFormationsBoard.xcdatamodel; sourceTree = "<group>"; };
		4324B4DB255358A200B3060E /* FormationsData.xcdatamodel */ = {isa = PBXFileReference; lastKnownFileType = wrapper.xcdatamodel; path = FormationsData.xcdatamodel; sourceTree = "<group>"; };
		4324B4FA2553B51900B3060E /* CoreDataUtil.swift */ = {isa = PBXFileReference; lastKnownFileType = sourcecode.swift; path = CoreDataUtil.swift; sourceTree = "<group>"; };
		4324B524255799F700B3060E /* Formation+CoreDataClass.swift */ = {isa = PBXFileReference; lastKnownFileType = sourcecode.swift; path = "Formation+CoreDataClass.swift"; sourceTree = SOURCE_ROOT; };
		4324B525255799F700B3060E /* Formation+CoreDataProperties.swift */ = {isa = PBXFileReference; lastKnownFileType = sourcecode.swift; path = "Formation+CoreDataProperties.swift"; sourceTree = SOURCE_ROOT; };
		4324B526255799F700B3060E /* Dancer+CoreDataClass.swift */ = {isa = PBXFileReference; lastKnownFileType = sourcecode.swift; path = "Dancer+CoreDataClass.swift"; sourceTree = SOURCE_ROOT; };
		4324B527255799F700B3060E /* Dancer+CoreDataProperties.swift */ = {isa = PBXFileReference; lastKnownFileType = sourcecode.swift; path = "Dancer+CoreDataProperties.swift"; sourceTree = SOURCE_ROOT; };
		43A0A9D525505F5300394193 /* DanceFormationsBoard.app */ = {isa = PBXFileReference; explicitFileType = wrapper.application; includeInIndex = 0; path = DanceFormationsBoard.app; sourceTree = BUILT_PRODUCTS_DIR; };
		43A0A9D825505F5300394193 /* AppDelegate.swift */ = {isa = PBXFileReference; lastKnownFileType = sourcecode.swift; path = AppDelegate.swift; sourceTree = "<group>"; };
		43A0A9DA25505F5300394193 /* SceneDelegate.swift */ = {isa = PBXFileReference; lastKnownFileType = sourcecode.swift; path = SceneDelegate.swift; sourceTree = "<group>"; };
		43A0A9DC25505F5300394193 /* GameViewController.swift */ = {isa = PBXFileReference; lastKnownFileType = sourcecode.swift; path = GameViewController.swift; sourceTree = "<group>"; };
		43A0A9DF25505F5400394193 /* Base */ = {isa = PBXFileReference; lastKnownFileType = file.storyboard; name = Base; path = Base.lproj/Main.storyboard; sourceTree = "<group>"; };
		43A0A9E425505F5800394193 /* Assets.xcassets */ = {isa = PBXFileReference; lastKnownFileType = folder.assetcatalog; path = Assets.xcassets; sourceTree = "<group>"; };
		43A0A9E725505F5800394193 /* Base */ = {isa = PBXFileReference; lastKnownFileType = file.storyboard; name = Base; path = Base.lproj/LaunchScreen.storyboard; sourceTree = "<group>"; };
		43A0A9E925505F5800394193 /* Info.plist */ = {isa = PBXFileReference; lastKnownFileType = text.plist.xml; path = Info.plist; sourceTree = "<group>"; };
		43A0A9FB2550600200394193 /* DancerViewModel.swift */ = {isa = PBXFileReference; fileEncoding = 4; lastKnownFileType = sourcecode.swift; path = DancerViewModel.swift; sourceTree = "<group>"; };
		43A0AA042550601300394193 /* FormationViewModel.swift */ = {isa = PBXFileReference; fileEncoding = 4; lastKnownFileType = sourcecode.swift; path = FormationViewModel.swift; sourceTree = "<group>"; };
		43A0AA0C255061AB00394193 /* GameScene.swift */ = {isa = PBXFileReference; fileEncoding = 4; lastKnownFileType = sourcecode.swift; path = GameScene.swift; sourceTree = "<group>"; };
/* End PBXFileReference section */

/* Begin PBXFrameworksBuildPhase section */
		43A0A9D225505F5300394193 /* Frameworks */ = {
			isa = PBXFrameworksBuildPhase;
			buildActionMask = 2147483647;
			files = (
			);
			runOnlyForDeploymentPostprocessing = 0;
		};
/* End PBXFrameworksBuildPhase section */

/* Begin PBXGroup section */
		4324B4EA255399EA00B3060E /* Entities */ = {
			isa = PBXGroup;
			children = (
				4324B524255799F700B3060E /* Formation+CoreDataClass.swift */,
				4324B525255799F700B3060E /* Formation+CoreDataProperties.swift */,
				4324B526255799F700B3060E /* Dancer+CoreDataClass.swift */,
				4324B527255799F700B3060E /* Dancer+CoreDataProperties.swift */,
			);
			path = Entities;
			sourceTree = "<group>";
		};
		4324B4F92553B4EB00B3060E /* CoreData */ = {
			isa = PBXGroup;
			children = (
				4324B4EA255399EA00B3060E /* Entities */,
				4324B4FA2553B51900B3060E /* CoreDataUtil.swift */,
			);
			path = CoreData;
			sourceTree = "<group>";
		};
		43A0A9CC25505F5300394193 = {
			isa = PBXGroup;
			children = (
				43A0A9D725505F5300394193 /* DanceFormationsBoard */,
				43A0A9D625505F5300394193 /* Products */,
			);
			sourceTree = "<group>";
		};
		43A0A9D625505F5300394193 /* Products */ = {
			isa = PBXGroup;
			children = (
				43A0A9D525505F5300394193 /* DanceFormationsBoard.app */,
			);
			name = Products;
			sourceTree = "<group>";
		};
		43A0A9D725505F5300394193 /* DanceFormationsBoard */ = {
			isa = PBXGroup;
			children = (
				4324B4F92553B4EB00B3060E /* CoreData */,
				4324B4662550976800B3060E /* FormationSnapshotCell.xib */,
				4324B4652550976800B3060E /* FormationSnapshotCell.swift */,
				43A0A9FA25505FFA00394193 /* ViewModel */,
				43A0A9F125505F7B00394193 /* View */,
				43A0A9F225505F8100394193 /* ViewController */,
				43A0A9D825505F5300394193 /* AppDelegate.swift */,
				43A0A9DA25505F5300394193 /* SceneDelegate.swift */,
				43A0A9E425505F5800394193 /* Assets.xcassets */,
				43A0A9E625505F5800394193 /* LaunchScreen.storyboard */,
				43A0A9E925505F5800394193 /* Info.plist */,
				4324B4D9255358A200B3060E /* FormationsData.xcdatamodeld */,
			);
			path = DanceFormationsBoard;
			sourceTree = "<group>";
		};
		43A0A9F125505F7B00394193 /* View */ = {
			isa = PBXGroup;
			children = (
				43A0A9DE25505F5400394193 /* Main.storyboard */,
				43A0AA0C255061AB00394193 /* GameScene.swift */,
				43160D80255B9BB30038804F /* FormationTableView.swift */,
				43160D84255B9C860038804F /* BoardDetailView.swift */,
			);
			path = View;
			sourceTree = "<group>";
		};
		43A0A9F225505F8100394193 /* ViewController */ = {
			isa = PBXGroup;
			children = (
				43A0A9DC25505F5300394193 /* GameViewController.swift */,
			);
			path = ViewController;
			sourceTree = "<group>";
		};
		43A0A9F325505F9200394193 /* Model */ = {
			isa = PBXGroup;
			children = (
			);
			path = Model;
			sourceTree = "<group>";
		};
		43A0A9FA25505FFA00394193 /* ViewModel */ = {
			isa = PBXGroup;
			children = (
				43A0A9FB2550600200394193 /* DancerViewModel.swift */,
				43A0AA042550601300394193 /* FormationViewModel.swift */,
				43A0A9F325505F9200394193 /* Model */,
			);
			path = ViewModel;
			sourceTree = "<group>";
		};
/* End PBXGroup section */

/* Begin PBXNativeTarget section */
		43A0A9D425505F5300394193 /* DanceFormationsBoard */ = {
			isa = PBXNativeTarget;
			buildConfigurationList = 43A0A9EC25505F5800394193 /* Build configuration list for PBXNativeTarget "DanceFormationsBoard" */;
			buildPhases = (
				43A0A9D125505F5300394193 /* Sources */,
				43A0A9D225505F5300394193 /* Frameworks */,
				43A0A9D325505F5300394193 /* Resources */,
			);
			buildRules = (
			);
			dependencies = (
			);
			name = DanceFormationsBoard;
			productName = DanceFormationsBoard;
			productReference = 43A0A9D525505F5300394193 /* DanceFormationsBoard.app */;
			productType = "com.apple.product-type.application";
		};
/* End PBXNativeTarget section */

/* Begin PBXProject section */
		43A0A9CD25505F5300394193 /* Project object */ = {
			isa = PBXProject;
			attributes = {
				LastSwiftUpdateCheck = 1210;
				LastUpgradeCheck = 1210;
				TargetAttributes = {
					43A0A9D425505F5300394193 = {
						CreatedOnToolsVersion = 12.1;
					};
				};
			};
			buildConfigurationList = 43A0A9D025505F5300394193 /* Build configuration list for PBXProject "DanceFormationsBoard" */;
			compatibilityVersion = "Xcode 9.3";
			developmentRegion = en;
			hasScannedForEncodings = 0;
			knownRegions = (
				en,
				Base,
			);
			mainGroup = 43A0A9CC25505F5300394193;
			productRefGroup = 43A0A9D625505F5300394193 /* Products */;
			projectDirPath = "";
			projectRoot = "";
			targets = (
				43A0A9D425505F5300394193 /* DanceFormationsBoard */,
			);
		};
/* End PBXProject section */

/* Begin PBXResourcesBuildPhase section */
		43A0A9D325505F5300394193 /* Resources */ = {
			isa = PBXResourcesBuildPhase;
			buildActionMask = 2147483647;
			files = (
				43A0A9E825505F5800394193 /* LaunchScreen.storyboard in Resources */,
				4324B4682550976800B3060E /* FormationSnapshotCell.xib in Resources */,
				43A0A9E525505F5800394193 /* Assets.xcassets in Resources */,
				43A0A9E025505F5400394193 /* Main.storyboard in Resources */,
			);
			runOnlyForDeploymentPostprocessing = 0;
		};
/* End PBXResourcesBuildPhase section */

/* Begin PBXSourcesBuildPhase section */
		43A0A9D125505F5300394193 /* Sources */ = {
			isa = PBXSourcesBuildPhase;
			buildActionMask = 2147483647;
			files = (
				43A0AA0D255061AB00394193 /* GameScene.swift in Sources */,
				4324B529255799F700B3060E /* Formation+CoreDataProperties.swift in Sources */,
				4324B4FB2553B51900B3060E /* CoreDataUtil.swift in Sources */,
				43A0A9DD25505F5400394193 /* GameViewController.swift in Sources */,
				43160D85255B9C860038804F /* BoardDetailView.swift in Sources */,
				4324B52B255799F700B3060E /* Dancer+CoreDataProperties.swift in Sources */,
				43A0A9D925505F5300394193 /* AppDelegate.swift in Sources */,
				4324B4672550976800B3060E /* FormationSnapshotCell.swift in Sources */,
				43160D81255B9BB30038804F /* FormationTableView.swift in Sources */,
				43A0AA052550601300394193 /* FormationViewModel.swift in Sources */,
				43A0A9DB25505F5300394193 /* SceneDelegate.swift in Sources */,
				4324B528255799F700B3060E /* Formation+CoreDataClass.swift in Sources */,
				43A0A9FC2550600200394193 /* DancerViewModel.swift in Sources */,
				4324B52A255799F700B3060E /* Dancer+CoreDataClass.swift in Sources */,
				4324B4DC255358A200B3060E /* FormationsData.xcdatamodeld in Sources */,
			);
			runOnlyForDeploymentPostprocessing = 0;
		};
/* End PBXSourcesBuildPhase section */

/* Begin PBXVariantGroup section */
		43A0A9DE25505F5400394193 /* Main.storyboard */ = {
			isa = PBXVariantGroup;
			children = (
				43A0A9DF25505F5400394193 /* Base */,
			);
			name = Main.storyboard;
			sourceTree = "<group>";
		};
		43A0A9E625505F5800394193 /* LaunchScreen.storyboard */ = {
			isa = PBXVariantGroup;
			children = (
				43A0A9E725505F5800394193 /* Base */,
			);
			name = LaunchScreen.storyboard;
			sourceTree = "<group>";
		};
/* End PBXVariantGroup section */

/* Begin XCBuildConfiguration section */
		43A0A9EA25505F5800394193 /* Debug */ = {
			isa = XCBuildConfiguration;
			buildSettings = {
				ALWAYS_SEARCH_USER_PATHS = NO;
				CLANG_ANALYZER_NONNULL = YES;
				CLANG_ANALYZER_NUMBER_OBJECT_CONVERSION = YES_AGGRESSIVE;
				CLANG_CXX_LANGUAGE_STANDARD = "gnu++14";
				CLANG_CXX_LIBRARY = "libc++";
				CLANG_ENABLE_MODULES = YES;
				CLANG_ENABLE_OBJC_ARC = YES;
				CLANG_ENABLE_OBJC_WEAK = YES;
				CLANG_WARN_BLOCK_CAPTURE_AUTORELEASING = YES;
				CLANG_WARN_BOOL_CONVERSION = YES;
				CLANG_WARN_COMMA = YES;
				CLANG_WARN_CONSTANT_CONVERSION = YES;
				CLANG_WARN_DEPRECATED_OBJC_IMPLEMENTATIONS = YES;
				CLANG_WARN_DIRECT_OBJC_ISA_USAGE = YES_ERROR;
				CLANG_WARN_DOCUMENTATION_COMMENTS = YES;
				CLANG_WARN_EMPTY_BODY = YES;
				CLANG_WARN_ENUM_CONVERSION = YES;
				CLANG_WARN_INFINITE_RECURSION = YES;
				CLANG_WARN_INT_CONVERSION = YES;
				CLANG_WARN_NON_LITERAL_NULL_CONVERSION = YES;
				CLANG_WARN_OBJC_IMPLICIT_RETAIN_SELF = YES;
				CLANG_WARN_OBJC_LITERAL_CONVERSION = YES;
				CLANG_WARN_OBJC_ROOT_CLASS = YES_ERROR;
				CLANG_WARN_QUOTED_INCLUDE_IN_FRAMEWORK_HEADER = YES;
				CLANG_WARN_RANGE_LOOP_ANALYSIS = YES;
				CLANG_WARN_STRICT_PROTOTYPES = YES;
				CLANG_WARN_SUSPICIOUS_MOVE = YES;
				CLANG_WARN_UNGUARDED_AVAILABILITY = YES_AGGRESSIVE;
				CLANG_WARN_UNREACHABLE_CODE = YES;
				CLANG_WARN__DUPLICATE_METHOD_MATCH = YES;
				COPY_PHASE_STRIP = NO;
				DEBUG_INFORMATION_FORMAT = dwarf;
				ENABLE_STRICT_OBJC_MSGSEND = YES;
				ENABLE_TESTABILITY = YES;
				GCC_C_LANGUAGE_STANDARD = gnu11;
				GCC_DYNAMIC_NO_PIC = NO;
				GCC_NO_COMMON_BLOCKS = YES;
				GCC_OPTIMIZATION_LEVEL = 0;
				GCC_PREPROCESSOR_DEFINITIONS = (
					"DEBUG=1",
					"$(inherited)",
				);
				GCC_WARN_64_TO_32_BIT_CONVERSION = YES;
				GCC_WARN_ABOUT_RETURN_TYPE = YES_ERROR;
				GCC_WARN_UNDECLARED_SELECTOR = YES;
				GCC_WARN_UNINITIALIZED_AUTOS = YES_AGGRESSIVE;
				GCC_WARN_UNUSED_FUNCTION = YES;
				GCC_WARN_UNUSED_VARIABLE = YES;
				IPHONEOS_DEPLOYMENT_TARGET = 14.1;
				MTL_ENABLE_DEBUG_INFO = INCLUDE_SOURCE;
				MTL_FAST_MATH = YES;
				ONLY_ACTIVE_ARCH = YES;
				SDKROOT = iphoneos;
				SWIFT_ACTIVE_COMPILATION_CONDITIONS = DEBUG;
				SWIFT_OPTIMIZATION_LEVEL = "-Onone";
			};
			name = Debug;
		};
		43A0A9EB25505F5800394193 /* Release */ = {
			isa = XCBuildConfiguration;
			buildSettings = {
				ALWAYS_SEARCH_USER_PATHS = NO;
				CLANG_ANALYZER_NONNULL = YES;
				CLANG_ANALYZER_NUMBER_OBJECT_CONVERSION = YES_AGGRESSIVE;
				CLANG_CXX_LANGUAGE_STANDARD = "gnu++14";
				CLANG_CXX_LIBRARY = "libc++";
				CLANG_ENABLE_MODULES = YES;
				CLANG_ENABLE_OBJC_ARC = YES;
				CLANG_ENABLE_OBJC_WEAK = YES;
				CLANG_WARN_BLOCK_CAPTURE_AUTORELEASING = YES;
				CLANG_WARN_BOOL_CONVERSION = YES;
				CLANG_WARN_COMMA = YES;
				CLANG_WARN_CONSTANT_CONVERSION = YES;
				CLANG_WARN_DEPRECATED_OBJC_IMPLEMENTATIONS = YES;
				CLANG_WARN_DIRECT_OBJC_ISA_USAGE = YES_ERROR;
				CLANG_WARN_DOCUMENTATION_COMMENTS = YES;
				CLANG_WARN_EMPTY_BODY = YES;
				CLANG_WARN_ENUM_CONVERSION = YES;
				CLANG_WARN_INFINITE_RECURSION = YES;
				CLANG_WARN_INT_CONVERSION = YES;
				CLANG_WARN_NON_LITERAL_NULL_CONVERSION = YES;
				CLANG_WARN_OBJC_IMPLICIT_RETAIN_SELF = YES;
				CLANG_WARN_OBJC_LITERAL_CONVERSION = YES;
				CLANG_WARN_OBJC_ROOT_CLASS = YES_ERROR;
				CLANG_WARN_QUOTED_INCLUDE_IN_FRAMEWORK_HEADER = YES;
				CLANG_WARN_RANGE_LOOP_ANALYSIS = YES;
				CLANG_WARN_STRICT_PROTOTYPES = YES;
				CLANG_WARN_SUSPICIOUS_MOVE = YES;
				CLANG_WARN_UNGUARDED_AVAILABILITY = YES_AGGRESSIVE;
				CLANG_WARN_UNREACHABLE_CODE = YES;
				CLANG_WARN__DUPLICATE_METHOD_MATCH = YES;
				COPY_PHASE_STRIP = NO;
				DEBUG_INFORMATION_FORMAT = "dwarf-with-dsym";
				ENABLE_NS_ASSERTIONS = NO;
				ENABLE_STRICT_OBJC_MSGSEND = YES;
				GCC_C_LANGUAGE_STANDARD = gnu11;
				GCC_NO_COMMON_BLOCKS = YES;
				GCC_WARN_64_TO_32_BIT_CONVERSION = YES;
				GCC_WARN_ABOUT_RETURN_TYPE = YES_ERROR;
				GCC_WARN_UNDECLARED_SELECTOR = YES;
				GCC_WARN_UNINITIALIZED_AUTOS = YES_AGGRESSIVE;
				GCC_WARN_UNUSED_FUNCTION = YES;
				GCC_WARN_UNUSED_VARIABLE = YES;
				IPHONEOS_DEPLOYMENT_TARGET = 14.1;
				MTL_ENABLE_DEBUG_INFO = NO;
				MTL_FAST_MATH = YES;
				SDKROOT = iphoneos;
				SWIFT_COMPILATION_MODE = wholemodule;
				SWIFT_OPTIMIZATION_LEVEL = "-O";
				VALIDATE_PRODUCT = YES;
			};
			name = Release;
		};
		43A0A9ED25505F5800394193 /* Debug */ = {
			isa = XCBuildConfiguration;
			buildSettings = {
				ASSETCATALOG_COMPILER_APPICON_NAME = AppIcon;
				ASSETCATALOG_COMPILER_GLOBAL_ACCENT_COLOR_NAME = AccentColor;
				CODE_SIGN_STYLE = Automatic;
				DEVELOPMENT_TEAM = 42YBZZURTJ;
				INFOPLIST_FILE = DanceFormationsBoard/Info.plist;
				LD_RUNPATH_SEARCH_PATHS = (
					"$(inherited)",
					"@executable_path/Frameworks",
				);
				PRODUCT_BUNDLE_IDENTIFIER = com.bunz.DanceFormationsBoard;
				PRODUCT_NAME = "$(TARGET_NAME)";
				SWIFT_VERSION = 5.0;
				TARGETED_DEVICE_FAMILY = "1,2";
			};
			name = Debug;
		};
		43A0A9EE25505F5800394193 /* Release */ = {
			isa = XCBuildConfiguration;
			buildSettings = {
				ASSETCATALOG_COMPILER_APPICON_NAME = AppIcon;
				ASSETCATALOG_COMPILER_GLOBAL_ACCENT_COLOR_NAME = AccentColor;
				CODE_SIGN_STYLE = Automatic;
				DEVELOPMENT_TEAM = 42YBZZURTJ;
				INFOPLIST_FILE = DanceFormationsBoard/Info.plist;
				LD_RUNPATH_SEARCH_PATHS = (
					"$(inherited)",
					"@executable_path/Frameworks",
				);
				PRODUCT_BUNDLE_IDENTIFIER = com.bunz.DanceFormationsBoard;
				PRODUCT_NAME = "$(TARGET_NAME)";
				SWIFT_VERSION = 5.0;
				TARGETED_DEVICE_FAMILY = "1,2";
			};
			name = Release;
		};
/* End XCBuildConfiguration section */

/* Begin XCConfigurationList section */
		43A0A9D025505F5300394193 /* Build configuration list for PBXProject "DanceFormationsBoard" */ = {
			isa = XCConfigurationList;
			buildConfigurations = (
				43A0A9EA25505F5800394193 /* Debug */,
				43A0A9EB25505F5800394193 /* Release */,
			);
			defaultConfigurationIsVisible = 0;
			defaultConfigurationName = Release;
		};
		43A0A9EC25505F5800394193 /* Build configuration list for PBXNativeTarget "DanceFormationsBoard" */ = {
			isa = XCConfigurationList;
			buildConfigurations = (
				43A0A9ED25505F5800394193 /* Debug */,
				43A0A9EE25505F5800394193 /* Release */,
			);
			defaultConfigurationIsVisible = 0;
			defaultConfigurationName = Release;
		};
/* End XCConfigurationList section */

/* Begin XCVersionGroup section */
		4324B4D9255358A200B3060E /* FormationsData.xcdatamodeld */ = {
			isa = XCVersionGroup;
			children = (
				4324B4DA255358A200B3060E /* DanceFormationsBoard.xcdatamodel */,
				4324B4DB255358A200B3060E /* FormationsData.xcdatamodel */,
			);
			currentVersion = 4324B4DA255358A200B3060E /* DanceFormationsBoard.xcdatamodel */;
			path = FormationsData.xcdatamodeld;
			sourceTree = "<group>";
			versionGroupType = wrapper.xcdatamodel;
		};
/* End XCVersionGroup section */
	};
	rootObject = 43A0A9CD25505F5300394193 /* Project object */;
}
